
Microsoft Visual Studio Solution File, Format Version 12.00
# Visual Studio Version 17
VisualStudioVersion = 17.14.36408.4 d17.14
MinimumVisualStudioVersion = 10.0.40219.1
Project("{FAE04EC0-301F-11D3-BF4B-00C04F79EFBC}") = "load-img-app", "load-img-app\load-img-app.csproj", "{5032BA26-E8DC-467A-9B63-E1E747A6F405}"
EndProject
Global
	GlobalSection(SolutionConfigurationPlatforms) = preSolution
		Debug|Any CPU = Debug|Any CPU
		Release|Any CPU = Release|Any CPU
	EndGlobalSection
	GlobalSection(ProjectConfigurationPlatforms) = postSolution
		{5032BA26-E8DC-467A-9B63-E1E747A6F405}.Debug|Any CPU.ActiveCfg = Debug|Any CPU
		{5032BA26-E8DC-467A-9B63-E1E747A6F405}.Debug|Any CPU.Build.0 = Debug|Any CPU
		{5032BA26-E8DC-467A-9B63-E1E747A6F405}.Release|Any CPU.ActiveCfg = Release|Any CPU
		{5032BA26-E8DC-467A-9B63-E1E747A6F405}.Release|Any CPU.Build.0 = Release|Any CPU
	EndGlobalSection
	GlobalSection(SolutionProperties) = preSolution
		HideSolutionNode = FALSE
	EndGlobalSection
	GlobalSection(ExtensibilityGlobals) = postSolution
		SolutionGuid = {8BE28F64-B7B0-4988-AD8E-7B3384AA1EFF}
	EndGlobalSection
EndGlobal
