
Microsoft Visual Studio Solution File, Format Version 12.00
# Visual Studio Version 17
VisualStudioVersion = 17.14.36511.14 d17.14
MinimumVisualStudioVersion = 10.0.40219.1
Project("{FAE04EC0-301F-11D3-BF4B-00C04F79EFBC}") = "TodoApp", "app-hw\TodoApp.csproj", "{EB507FE3-6270-4EFC-9169-3B6AEEA77E7E}"
EndProject
Global
	GlobalSection(SolutionConfigurationPlatforms) = preSolution
		Debug|Any CPU = Debug|Any CPU
		Release|Any CPU = Release|Any CPU
	EndGlobalSection
	GlobalSection(ProjectConfigurationPlatforms) = postSolution
		{EB507FE3-6270-4EFC-9169-3B6AEEA77E7E}.Debug|Any CPU.ActiveCfg = Debug|Any CPU
		{EB507FE3-6270-4EFC-9169-3B6AEEA77E7E}.Debug|Any CPU.Build.0 = Debug|Any CPU
		{EB507FE3-6270-4EFC-9169-3B6AEEA77E7E}.Release|Any CPU.ActiveCfg = Release|Any CPU
		{EB507FE3-6270-4EFC-9169-3B6AEEA77E7E}.Release|Any CPU.Build.0 = Release|Any CPU
	EndGlobalSection
	GlobalSection(SolutionProperties) = preSolution
		HideSolutionNode = FALSE
	EndGlobalSection
	GlobalSection(ExtensibilityGlobals) = postSolution
		SolutionGuid = {36FBF6BF-EE2E-4C38-93AC-6C5B215B9940}
	EndGlobalSection
EndGlobal
