
Microsoft Visual Studio Solution File, Format Version 12.00
# Visual Studio Version 17
VisualStudioVersion = 17.14.36408.4 d17.14
MinimumVisualStudioVersion = 10.0.40219.1
Project("{FAE04EC0-301F-11D3-BF4B-00C04F79EFBC}") = "db-app", "db-app\db-app.csproj", "{14D12465-6763-416C-ACF0-5301A61803AF}"
EndProject
Global
	GlobalSection(SolutionConfigurationPlatforms) = preSolution
		Debug|Any CPU = Debug|Any CPU
		Release|Any CPU = Release|Any CPU
	EndGlobalSection
	GlobalSection(ProjectConfigurationPlatforms) = postSolution
		{14D12465-6763-416C-ACF0-5301A61803AF}.Debug|Any CPU.ActiveCfg = Debug|Any CPU
		{14D12465-6763-416C-ACF0-5301A61803AF}.Debug|Any CPU.Build.0 = Debug|Any CPU
		{14D12465-6763-416C-ACF0-5301A61803AF}.Release|Any CPU.ActiveCfg = Release|Any CPU
		{14D12465-6763-416C-ACF0-5301A61803AF}.Release|Any CPU.Build.0 = Release|Any CPU
	EndGlobalSection
	GlobalSection(SolutionProperties) = preSolution
		HideSolutionNode = FALSE
	EndGlobalSection
	GlobalSection(ExtensibilityGlobals) = postSolution
		SolutionGuid = {B6178A0F-462A-46EC-80ED-2373D6CA75D8}
	EndGlobalSection
EndGlobal
