
Microsoft Visual Studio Solution File, Format Version 12.00
# Visual Studio Version 17
VisualStudioVersion = 17.14.36408.4 d17.14
MinimumVisualStudioVersion = 10.0.40219.1
Project("{FAE04EC0-301F-11D3-BF4B-00C04F79EFBC}") = "app-hw", "app-hw\app-hw.csproj", "{CC70FCB8-B111-411F-BE63-D9E1F4E3802C}"
EndProject
Global
	GlobalSection(SolutionConfigurationPlatforms) = preSolution
		Debug|Any CPU = Debug|Any CPU
		Release|Any CPU = Release|Any CPU
	EndGlobalSection
	GlobalSection(ProjectConfigurationPlatforms) = postSolution
		{CC70FCB8-B111-411F-BE63-D9E1F4E3802C}.Debug|Any CPU.ActiveCfg = Debug|Any CPU
		{CC70FCB8-B111-411F-BE63-D9E1F4E3802C}.Debug|Any CPU.Build.0 = Debug|Any CPU
		{CC70FCB8-B111-411F-BE63-D9E1F4E3802C}.Release|Any CPU.ActiveCfg = Release|Any CPU
		{CC70FCB8-B111-411F-BE63-D9E1F4E3802C}.Release|Any CPU.Build.0 = Release|Any CPU
	EndGlobalSection
	GlobalSection(SolutionProperties) = preSolution
		HideSolutionNode = FALSE
	EndGlobalSection
	GlobalSection(ExtensibilityGlobals) = postSolution
		SolutionGuid = {792CBE2F-BCBA-4328-9073-75F0C65BA84F}
	EndGlobalSection
EndGlobal
