
Microsoft Visual Studio Solution File, Format Version 12.00
# Visual Studio Version 17
VisualStudioVersion = 17.14.36511.14 d17.14
MinimumVisualStudioVersion = 10.0.40219.1
Project("{FAE04EC0-301F-11D3-BF4B-00C04F79EFBC}") = "app-hw", "app-hw\app-hw.csproj", "{0C898AE4-C159-4613-A5F9-D2C7C3587FB4}"
EndProject
Global
	GlobalSection(SolutionConfigurationPlatforms) = preSolution
		Debug|Any CPU = Debug|Any CPU
		Release|Any CPU = Release|Any CPU
	EndGlobalSection
	GlobalSection(ProjectConfigurationPlatforms) = postSolution
		{0C898AE4-C159-4613-A5F9-D2C7C3587FB4}.Debug|Any CPU.ActiveCfg = Debug|Any CPU
		{0C898AE4-C159-4613-A5F9-D2C7C3587FB4}.Debug|Any CPU.Build.0 = Debug|Any CPU
		{0C898AE4-C159-4613-A5F9-D2C7C3587FB4}.Release|Any CPU.ActiveCfg = Release|Any CPU
		{0C898AE4-C159-4613-A5F9-D2C7C3587FB4}.Release|Any CPU.Build.0 = Release|Any CPU
	EndGlobalSection
	GlobalSection(SolutionProperties) = preSolution
		HideSolutionNode = FALSE
	EndGlobalSection
	GlobalSection(ExtensibilityGlobals) = postSolution
		SolutionGuid = {B8F6E530-174F-4555-9C42-8F1429ADD619}
	EndGlobalSection
EndGlobal
