
Microsoft Visual Studio Solution File, Format Version 12.00
# Visual Studio Version 17
VisualStudioVersion = 17.14.36511.14 d17.14
MinimumVisualStudioVersion = 10.0.40219.1
Project("{FAE04EC0-301F-11D3-BF4B-00C04F79EFBC}") = "app-hw", "app-hw\app-hw.csproj", "{3BD5E5E9-2101-4CE6-880F-94CF67915558}"
EndProject
Global
	GlobalSection(SolutionConfigurationPlatforms) = preSolution
		Debug|Any CPU = Debug|Any CPU
		Release|Any CPU = Release|Any CPU
	EndGlobalSection
	GlobalSection(ProjectConfigurationPlatforms) = postSolution
		{3BD5E5E9-2101-4CE6-880F-94CF67915558}.Debug|Any CPU.ActiveCfg = Debug|Any CPU
		{3BD5E5E9-2101-4CE6-880F-94CF67915558}.Debug|Any CPU.Build.0 = Debug|Any CPU
		{3BD5E5E9-2101-4CE6-880F-94CF67915558}.Release|Any CPU.ActiveCfg = Release|Any CPU
		{3BD5E5E9-2101-4CE6-880F-94CF67915558}.Release|Any CPU.Build.0 = Release|Any CPU
	EndGlobalSection
	GlobalSection(SolutionProperties) = preSolution
		HideSolutionNode = FALSE
	EndGlobalSection
	GlobalSection(ExtensibilityGlobals) = postSolution
		SolutionGuid = {FCDF34E9-8C10-4E57-9667-220DFE47CE40}
	EndGlobalSection
EndGlobal
