
Microsoft Visual Studio Solution File, Format Version 12.00
# Visual Studio Version 17
VisualStudioVersion = 17.14.36408.4 d17.14
MinimumVisualStudioVersion = 10.0.40219.1
Project("{FAE04EC0-301F-11D3-BF4B-00C04F79EFBC}") = "app-hw", "app-hw\app-hw.csproj", "{DAFD4A4C-0F4B-491B-A273-DF069E34CB9C}"
EndProject
Global
	GlobalSection(SolutionConfigurationPlatforms) = preSolution
		Debug|Any CPU = Debug|Any CPU
		Release|Any CPU = Release|Any CPU
	EndGlobalSection
	GlobalSection(ProjectConfigurationPlatforms) = postSolution
		{DAFD4A4C-0F4B-491B-A273-DF069E34CB9C}.Debug|Any CPU.ActiveCfg = Debug|Any CPU
		{DAFD4A4C-0F4B-491B-A273-DF069E34CB9C}.Debug|Any CPU.Build.0 = Debug|Any CPU
		{DAFD4A4C-0F4B-491B-A273-DF069E34CB9C}.Release|Any CPU.ActiveCfg = Release|Any CPU
		{DAFD4A4C-0F4B-491B-A273-DF069E34CB9C}.Release|Any CPU.Build.0 = Release|Any CPU
	EndGlobalSection
	GlobalSection(SolutionProperties) = preSolution
		HideSolutionNode = FALSE
	EndGlobalSection
	GlobalSection(ExtensibilityGlobals) = postSolution
		SolutionGuid = {A677A1EB-58B6-4D74-A47C-FA80C569C1DF}
	EndGlobalSection
EndGlobal
