
Microsoft Visual Studio Solution File, Format Version 12.00
# Visual Studio Version 17
VisualStudioVersion = 17.14.36511.14 d17.14
MinimumVisualStudioVersion = 10.0.40219.1
Project("{FAE04EC0-301F-11D3-BF4B-00C04F79EFBC}") = "app-hw", "app-hw\app-hw.csproj", "{B7E0E69E-252E-4C11-97BE-3B12F3DEB991}"
EndProject
Global
	GlobalSection(SolutionConfigurationPlatforms) = preSolution
		Debug|Any CPU = Debug|Any CPU
		Release|Any CPU = Release|Any CPU
	EndGlobalSection
	GlobalSection(ProjectConfigurationPlatforms) = postSolution
		{B7E0E69E-252E-4C11-97BE-3B12F3DEB991}.Debug|Any CPU.ActiveCfg = Debug|Any CPU
		{B7E0E69E-252E-4C11-97BE-3B12F3DEB991}.Debug|Any CPU.Build.0 = Debug|Any CPU
		{B7E0E69E-252E-4C11-97BE-3B12F3DEB991}.Release|Any CPU.ActiveCfg = Release|Any CPU
		{B7E0E69E-252E-4C11-97BE-3B12F3DEB991}.Release|Any CPU.Build.0 = Release|Any CPU
	EndGlobalSection
	GlobalSection(SolutionProperties) = preSolution
		HideSolutionNode = FALSE
	EndGlobalSection
	GlobalSection(ExtensibilityGlobals) = postSolution
		SolutionGuid = {B6C6669F-BD22-4B69-9E04-0E07A081F7F8}
	EndGlobalSection
EndGlobal
