
Microsoft Visual Studio Solution File, Format Version 12.00
# Visual Studio Version 17
VisualStudioVersion = 17.14.36511.14 d17.14
MinimumVisualStudioVersion = 10.0.40219.1
Project("{FAE04EC0-301F-11D3-BF4B-00C04F79EFBC}") = "app-hw", "app-hw\app-hw.csproj", "{744FA5A8-C60C-488C-8307-C995FC909D14}"
EndProject
Global
	GlobalSection(SolutionConfigurationPlatforms) = preSolution
		Debug|Any CPU = Debug|Any CPU
		Release|Any CPU = Release|Any CPU
	EndGlobalSection
	GlobalSection(ProjectConfigurationPlatforms) = postSolution
		{744FA5A8-C60C-488C-8307-C995FC909D14}.Debug|Any CPU.ActiveCfg = Debug|Any CPU
		{744FA5A8-C60C-488C-8307-C995FC909D14}.Debug|Any CPU.Build.0 = Debug|Any CPU
		{744FA5A8-C60C-488C-8307-C995FC909D14}.Release|Any CPU.ActiveCfg = Release|Any CPU
		{744FA5A8-C60C-488C-8307-C995FC909D14}.Release|Any CPU.Build.0 = Release|Any CPU
	EndGlobalSection
	GlobalSection(SolutionProperties) = preSolution
		HideSolutionNode = FALSE
	EndGlobalSection
	GlobalSection(ExtensibilityGlobals) = postSolution
		SolutionGuid = {F3B03B32-895A-462D-B44D-FD55F906BE03}
	EndGlobalSection
EndGlobal
